# This file is automatically @generated by Cargo.
# It is not intended for manual editing.
[[package]]
name = "lesson"
version = "0.0.1"
dependencies = [
 "watson",
]

[[package]]
name = "watson"
version = "0.3.0"
source = "registry+https://github.com/rust-lang/crates.io-index"
checksum = "0fc02692668a36ae10f41aed94e317dfeaba54eafd994527d78aa4a8d0bccea9"
dependencies = [
 "webassembly",
]

[[package]]
name = "webassembly"
version = "0.5.0"
source = "registry+https://github.com/rust-lang/crates.io-index"
checksum = "1d1a10e1dedffff9cfcbdd33c289c65b87da634259a460a3f23d513649fa7a8c"
