# This file is automatically @generated by Cargo.
# It is not intended for manual editing.
[[package]]
name = "executor"
version = "0.7.0"
source = "registry+https://github.com/rust-lang/crates.io-index"
checksum = "5fc386acdbd994c2c2dc45829352eaff2bfc3b3191c220e4b61d1bcc44b56191"
dependencies = [
 "executor-macros",
 "lazy_static",
 "spin",
 "woke",
]

[[package]]
name = "executor-macros"
version = "0.1.0"
source = "registry+https://github.com/rust-lang/crates.io-index"
checksum = "e295f800bd53792bf326c72e6b0d0b26d2e211069a80c27c7b1fd6576b3b4dd3"
dependencies = [
 "proc-macro2",
 "quote",
 "syn",
]

[[package]]
name = "lazy_static"
version = "1.4.0"
source = "registry+https://github.com/rust-lang/crates.io-index"
checksum = "e2abad23fbc42b3700f2f279844dc832adb2b2eb069b2df918f455c4e18cc646"
dependencies = [
 "spin",
]

[[package]]
name = "lesson"
version = "0.0.1"
dependencies = [
 "executor",
 "malloc",
 "watson",
 "webassembly",
]

[[package]]
name = "malloc"
version = "0.0.4"
source = "registry+https://github.com/rust-lang/crates.io-index"
checksum = "1524cb91ce83a639960fec70266ebb48ee9c2f690721b844491e8cab12335d28"

[[package]]
name = "proc-macro2"
version = "1.0.10"
source = "registry+https://github.com/rust-lang/crates.io-index"
checksum = "df246d292ff63439fea9bc8c0a270bed0e390d5ebd4db4ba15aba81111b5abe3"
dependencies = [
 "unicode-xid",
]

[[package]]
name = "quote"
version = "1.0.3"
source = "registry+https://github.com/rust-lang/crates.io-index"
checksum = "2bdc6c187c65bca4260c9011c9e3132efe4909da44726bad24cf7572ae338d7f"
dependencies = [
 "proc-macro2",
]

[[package]]
name = "spin"
version = "0.5.2"
source = "registry+https://github.com/rust-lang/crates.io-index"
checksum = "6e63cff320ae2c57904679ba7cb63280a3dc4613885beafb148ee7bf9aa9042d"

[[package]]
name = "syn"
version = "1.0.17"
source = "registry+https://github.com/rust-lang/crates.io-index"
checksum = "0df0eb663f387145cab623dea85b09c2c5b4b0aef44e945d928e682fce71bb03"
dependencies = [
 "proc-macro2",
 "quote",
 "unicode-xid",
]

[[package]]
name = "unicode-xid"
version = "0.2.0"
source = "registry+https://github.com/rust-lang/crates.io-index"
checksum = "826e7639553986605ec5979c7dd957c7895e93eabed50ab2ffa7f6128a75097c"

[[package]]
name = "watson"
version = "0.3.0"
source = "registry+https://github.com/rust-lang/crates.io-index"
checksum = "0fc02692668a36ae10f41aed94e317dfeaba54eafd994527d78aa4a8d0bccea9"
dependencies = [
 "webassembly",
]

[[package]]
name = "webassembly"
version = "0.5.0"
source = "registry+https://github.com/rust-lang/crates.io-index"
checksum = "1d1a10e1dedffff9cfcbdd33c289c65b87da634259a460a3f23d513649fa7a8c"

[[package]]
name = "woke"
version = "0.0.2"
source = "registry+https://github.com/rust-lang/crates.io-index"
checksum = "eafdab77c9ee549298ca6585107832aa89d77b14ba13cda220fec6105b17dbb1"
